
Microsoft Visual Studio Solution File, Format Version 12.00
# Visual Studio 14
VisualStudioVersion = 14.0.25420.1
MinimumVisualStudioVersion = 10.0.40219.1
Project("{FAE04EC0-301F-11D3-BF4B-00C04F79EFBC}") = "MyTestDBApp", "MyTestApp\MyTestDBApp.csproj", "{CF164AA2-E03F-431D-A29D-06709A800AC2}"
EndProject
Project("{FAE04EC0-301F-11D3-BF4B-00C04F79EFBC}") = "MyUnitTests", "MyUnitTests\MyUnitTests.csproj", "{68765058-183A-4E6C-A5D4-DDE7AAA126D0}"
EndProject
Project("{FAE04EC0-301F-11D3-BF4B-00C04F79EFBC}") = "TaskFactory", "TaskFactory\TaskFactory.csproj", "{32062818-F4C3-4E38-B062-07CC65386B7C}"
EndProject
Project("{FAE04EC0-301F-11D3-BF4B-00C04F79EFBC}") = "FileStructToXml", "FileStructToXml\FileStructToXml.csproj", "{48164220-5379-46B1-9EED-5F63DC5DBB0E}"
EndProject
Global
	GlobalSection(SolutionConfigurationPlatforms) = preSolution
		Debug|Any CPU = Debug|Any CPU
		Release|Any CPU = Release|Any CPU
	EndGlobalSection
	GlobalSection(ProjectConfigurationPlatforms) = postSolution
		{CF164AA2-E03F-431D-A29D-06709A800AC2}.Debug|Any CPU.ActiveCfg = Debug|Any CPU
		{CF164AA2-E03F-431D-A29D-06709A800AC2}.Debug|Any CPU.Build.0 = Debug|Any CPU
		{CF164AA2-E03F-431D-A29D-06709A800AC2}.Release|Any CPU.ActiveCfg = Release|Any CPU
		{CF164AA2-E03F-431D-A29D-06709A800AC2}.Release|Any CPU.Build.0 = Release|Any CPU
		{68765058-183A-4E6C-A5D4-DDE7AAA126D0}.Debug|Any CPU.ActiveCfg = Debug|Any CPU
		{68765058-183A-4E6C-A5D4-DDE7AAA126D0}.Debug|Any CPU.Build.0 = Debug|Any CPU
		{68765058-183A-4E6C-A5D4-DDE7AAA126D0}.Release|Any CPU.ActiveCfg = Release|Any CPU
		{68765058-183A-4E6C-A5D4-DDE7AAA126D0}.Release|Any CPU.Build.0 = Release|Any CPU
		{32062818-F4C3-4E38-B062-07CC65386B7C}.Debug|Any CPU.ActiveCfg = Debug|Any CPU
		{32062818-F4C3-4E38-B062-07CC65386B7C}.Debug|Any CPU.Build.0 = Debug|Any CPU
		{32062818-F4C3-4E38-B062-07CC65386B7C}.Release|Any CPU.ActiveCfg = Release|Any CPU
		{32062818-F4C3-4E38-B062-07CC65386B7C}.Release|Any CPU.Build.0 = Release|Any CPU
		{48164220-5379-46B1-9EED-5F63DC5DBB0E}.Debug|Any CPU.ActiveCfg = Debug|Any CPU
		{48164220-5379-46B1-9EED-5F63DC5DBB0E}.Debug|Any CPU.Build.0 = Debug|Any CPU
		{48164220-5379-46B1-9EED-5F63DC5DBB0E}.Release|Any CPU.ActiveCfg = Release|Any CPU
		{48164220-5379-46B1-9EED-5F63DC5DBB0E}.Release|Any CPU.Build.0 = Release|Any CPU
	EndGlobalSection
	GlobalSection(SolutionProperties) = preSolution
		HideSolutionNode = FALSE
	EndGlobalSection
EndGlobal
