
Microsoft Visual Studio Solution File, Format Version 12.00
# Visual Studio 14
VisualStudioVersion = 14.0.25420.1
MinimumVisualStudioVersion = 10.0.40219.1
Project("{FAE04EC0-301F-11D3-BF4B-00C04F79EFBC}") = "Qalsql", "Qalsql\Qalsql.csproj", "{3B99C6FE-52CB-495D-AFF3-DAB5C81E8BB3}"
EndProject
Project("{FAE04EC0-301F-11D3-BF4B-00C04F79EFBC}") = "ChkHw", "ChkHw\ChkHw.csproj", "{A6C8803A-E53A-485A-8907-A05F65DCBFA7}"
EndProject
Global
	GlobalSection(SolutionConfigurationPlatforms) = preSolution
		Debug|Any CPU = Debug|Any CPU
		Release|Any CPU = Release|Any CPU
	EndGlobalSection
	GlobalSection(ProjectConfigurationPlatforms) = postSolution
		{3B99C6FE-52CB-495D-AFF3-DAB5C81E8BB3}.Debug|Any CPU.ActiveCfg = Debug|Any CPU
		{3B99C6FE-52CB-495D-AFF3-DAB5C81E8BB3}.Debug|Any CPU.Build.0 = Debug|Any CPU
		{3B99C6FE-52CB-495D-AFF3-DAB5C81E8BB3}.Release|Any CPU.ActiveCfg = Release|Any CPU
		{3B99C6FE-52CB-495D-AFF3-DAB5C81E8BB3}.Release|Any CPU.Build.0 = Release|Any CPU
		{A6C8803A-E53A-485A-8907-A05F65DCBFA7}.Debug|Any CPU.ActiveCfg = Debug|Any CPU
		{A6C8803A-E53A-485A-8907-A05F65DCBFA7}.Debug|Any CPU.Build.0 = Debug|Any CPU
		{A6C8803A-E53A-485A-8907-A05F65DCBFA7}.Release|Any CPU.ActiveCfg = Release|Any CPU
		{A6C8803A-E53A-485A-8907-A05F65DCBFA7}.Release|Any CPU.Build.0 = Release|Any CPU
	EndGlobalSection
	GlobalSection(SolutionProperties) = preSolution
		HideSolutionNode = FALSE
	EndGlobalSection
EndGlobal
